
Microsoft Visual Studio Solution File, Format Version 12.00
# Visual Studio 15
VisualStudioVersion = 15.0.28307.168
MinimumVisualStudioVersion = 10.0.40219.1
Project("{FAE04EC0-301F-11D3-BF4B-00C04F79EFBC}") = "Our.Umbraco.SuperValueConverters", "Our.Umbraco.SuperValueConverters\Our.Umbraco.SuperValueConverters.csproj", "{2F3221DC-D75D-4F28-A4A1-01AB4792E72C}"
EndProject
Global
	GlobalSection(SolutionConfigurationPlatforms) = preSolution
		Debug|Any CPU = Debug|Any CPU
		Release|Any CPU = Release|Any CPU
	EndGlobalSection
	GlobalSection(ProjectConfigurationPlatforms) = postSolution
		{2F3221DC-D75D-4F28-A4A1-01AB4792E72C}.Debug|Any CPU.ActiveCfg = Debug|Any CPU
		{2F3221DC-D75D-4F28-A4A1-01AB4792E72C}.Debug|Any CPU.Build.0 = Debug|Any CPU
		{2F3221DC-D75D-4F28-A4A1-01AB4792E72C}.Release|Any CPU.ActiveCfg = Release|Any CPU
		{2F3221DC-D75D-4F28-A4A1-01AB4792E72C}.Release|Any CPU.Build.0 = Release|Any CPU
	EndGlobalSection
	GlobalSection(SolutionProperties) = preSolution
		HideSolutionNode = FALSE
	EndGlobalSection
	GlobalSection(ExtensibilityGlobals) = postSolution
		SolutionGuid = {AE394F26-7CCF-4BC2-B115-69646E285EB8}
	EndGlobalSection
EndGlobal
